// !$*UTF8*$!
{
	archiveVersion = 1;
	classes = {
	};
	objectVersion = 50;
	objects = {

/* Begin PBXBuildFile section */
		A8B6FC5024DAFD3600A6EA52 /* Toast.swift in Sources */ = {isa = PBXBuildFile; fileRef = A8B6FC4F24DAFD3600A6EA52 /* Toast.swift */; };
		A8D74B3724DABACA0007CFDB /* AppDelegate.swift in Sources */ = {isa = PBXBuildFile; fileRef = A8D74B3624DABACA0007CFDB /* AppDelegate.swift */; };
		A8D74B3924DABACA0007CFDB /* ViewController.swift in Sources */ = {isa = PBXBuildFile; fileRef = A8D74B3824DABACA0007CFDB /* ViewController.swift */; };
		A8D74B3C24DABACA0007CFDB /* Main.storyboard in Resources */ = {isa = PBXBuildFile; fileRef = A8D74B3A24DABACA0007CFDB /* Main.storyboard */; };
		A8D74B3E24DABACB0007CFDB /* Assets.xcassets in Resources */ = {isa = PBXBuildFile; fileRef = A8D74B3D24DABACB0007CFDB /* Assets.xcassets */; };
		A8D74B4124DABACB0007CFDB /* LaunchScreen.storyboard in Resources */ = {isa = PBXBuildFile; fileRef = A8D74B3F24DABACB0007CFDB /* LaunchScreen.storyboard */; };
		A8D74B4C24DABACB0007CFDB /* IOSTests.swift in Sources */ = {isa = PBXBuildFile; fileRef = A8D74B4B24DABACB0007CFDB /* IOSTests.swift */; };
		A8D74B6624DABD780007CFDB /* FMDatabase.m in Sources */ = {isa = PBXBuildFile; fileRef = A8D74B5E24DABD770007CFDB /* FMDatabase.m */; };
		A8D74B6724DABD780007CFDB /* FMDatabaseAdditions.m in Sources */ = {isa = PBXBuildFile; fileRef = A8D74B5F24DABD770007CFDB /* FMDatabaseAdditions.m */; };
		A8D74B6824DABD780007CFDB /* FMDatabasePool.m in Sources */ = {isa = PBXBuildFile; fileRef = A8D74B6324DABD770007CFDB /* FMDatabasePool.m */; };
		A8D74B6924DABD780007CFDB /* FMResultSet.m in Sources */ = {isa = PBXBuildFile; fileRef = A8D74B6424DABD770007CFDB /* FMResultSet.m */; };
		A8D74B6A24DABD780007CFDB /* FMDatabaseQueue.m in Sources */ = {isa = PBXBuildFile; fileRef = A8D74B6524DABD770007CFDB /* FMDatabaseQueue.m */; };
		A8D74B6D24DABDC30007CFDB /* UserDB.swift in Sources */ = {isa = PBXBuildFile; fileRef = A8D74B6C24DABDC30007CFDB /* UserDB.swift */; };
		A8D74B7024DABEAB0007CFDB /* User.swift in Sources */ = {isa = PBXBuildFile; fileRef = A8D74B6F24DABEAB0007CFDB /* User.swift */; };
		A8D74B7224DACBAD0007CFDB /* DangNhapViewController.swift in Sources */ = {isa = PBXBuildFile; fileRef = A8D74B7124DACBAD0007CFDB /* DangNhapViewController.swift */; };
/* End PBXBuildFile section */

/* Begin PBXContainerItemProxy section */
		A8D74B4824DABACB0007CFDB /* PBXContainerItemProxy */ = {
			isa = PBXContainerItemProxy;
			containerPortal = A8D74B2B24DABACA0007CFDB /* Project object */;
			proxyType = 1;
			remoteGlobalIDString = A8D74B3224DABACA0007CFDB;
			remoteInfo = IOS;
		};
/* End PBXContainerItemProxy section */

/* Begin PBXFileReference section */
		A8B6FC4F24DAFD3600A6EA52 /* Toast.swift */ = {isa = PBXFileReference; lastKnownFileType = sourcecode.swift; path = Toast.swift; sourceTree = "<group>"; };
		A8D74B3324DABACA0007CFDB /* IOS.app */ = {isa = PBXFileReference; explicitFileType = wrapper.application; includeInIndex = 0; path = IOS.app; sourceTree = BUILT_PRODUCTS_DIR; };
		A8D74B3624DABACA0007CFDB /* AppDelegate.swift */ = {isa = PBXFileReference; lastKnownFileType = sourcecode.swift; path = AppDelegate.swift; sourceTree = "<group>"; };
		A8D74B3824DABACA0007CFDB /* ViewController.swift */ = {isa = PBXFileReference; lastKnownFileType = sourcecode.swift; path = ViewController.swift; sourceTree = "<group>"; };
		A8D74B3B24DABACA0007CFDB /* Base */ = {isa = PBXFileReference; lastKnownFileType = file.storyboard; name = Base; path = Base.lproj/Main.storyboard; sourceTree = "<group>"; };
		A8D74B3D24DABACB0007CFDB /* Assets.xcassets */ = {isa = PBXFileReference; lastKnownFileType = folder.assetcatalog; path = Assets.xcassets; sourceTree = "<group>"; };
		A8D74B4024DABACB0007CFDB /* Base */ = {isa = PBXFileReference; lastKnownFileType = file.storyboard; name = Base; path = Base.lproj/LaunchScreen.storyboard; sourceTree = "<group>"; };
		A8D74B4224DABACB0007CFDB /* Info.plist */ = {isa = PBXFileReference; lastKnownFileType = text.plist.xml; path = Info.plist; sourceTree = "<group>"; };
		A8D74B4724DABACB0007CFDB /* IOSTests.xctest */ = {isa = PBXFileReference; explicitFileType = wrapper.cfbundle; includeInIndex = 0; path = IOSTests.xctest; sourceTree = BUILT_PRODUCTS_DIR; };
		A8D74B4B24DABACB0007CFDB /* IOSTests.swift */ = {isa = PBXFileReference; lastKnownFileType = sourcecode.swift; path = IOSTests.swift; sourceTree = "<group>"; };
		A8D74B4D24DABACB0007CFDB /* Info.plist */ = {isa = PBXFileReference; lastKnownFileType = text.plist.xml; path = Info.plist; sourceTree = "<group>"; };
		A8D74B5A24DABD770007CFDB /* IOS-Bridging-Header.h */ = {isa = PBXFileReference; lastKnownFileType = sourcecode.c.h; path = "IOS-Bridging-Header.h"; sourceTree = "<group>"; };
		A8D74B5B24DABD770007CFDB /* FMDatabase.h */ = {isa = PBXFileReference; fileEncoding = 4; lastKnownFileType = sourcecode.c.h; name = FMDatabase.h; path = fmdb/src/fmdb/FMDatabase.h; sourceTree = SOURCE_ROOT; };
		A8D74B5C24DABD770007CFDB /* FMDatabasePool.h */ = {isa = PBXFileReference; fileEncoding = 4; lastKnownFileType = sourcecode.c.h; name = FMDatabasePool.h; path = fmdb/src/fmdb/FMDatabasePool.h; sourceTree = SOURCE_ROOT; };
		A8D74B5D24DABD770007CFDB /* FMDatabaseQueue.h */ = {isa = PBXFileReference; fileEncoding = 4; lastKnownFileType = sourcecode.c.h; name = FMDatabaseQueue.h; path = fmdb/src/fmdb/FMDatabaseQueue.h; sourceTree = SOURCE_ROOT; };
		A8D74B5E24DABD770007CFDB /* FMDatabase.m */ = {isa = PBXFileReference; fileEncoding = 4; lastKnownFileType = sourcecode.c.objc; name = FMDatabase.m; path = fmdb/src/fmdb/FMDatabase.m; sourceTree = SOURCE_ROOT; };
		A8D74B5F24DABD770007CFDB /* FMDatabaseAdditions.m */ = {isa = PBXFileReference; fileEncoding = 4; lastKnownFileType = sourcecode.c.objc; name = FMDatabaseAdditions.m; path = fmdb/src/fmdb/FMDatabaseAdditions.m; sourceTree = SOURCE_ROOT; };
		A8D74B6024DABD770007CFDB /* FMDatabaseAdditions.h */ = {isa = PBXFileReference; fileEncoding = 4; lastKnownFileType = sourcecode.c.h; name = FMDatabaseAdditions.h; path = fmdb/src/fmdb/FMDatabaseAdditions.h; sourceTree = SOURCE_ROOT; };
		A8D74B6124DABD770007CFDB /* FMDB.h */ = {isa = PBXFileReference; fileEncoding = 4; lastKnownFileType = sourcecode.c.h; name = FMDB.h; path = fmdb/src/fmdb/FMDB.h; sourceTree = SOURCE_ROOT; };
		A8D74B6224DABD770007CFDB /* FMResultSet.h */ = {isa = PBXFileReference; fileEncoding = 4; lastKnownFileType = sourcecode.c.h; name = FMResultSet.h; path = fmdb/src/fmdb/FMResultSet.h; sourceTree = SOURCE_ROOT; };
		A8D74B6324DABD770007CFDB /* FMDatabasePool.m */ = {isa = PBXFileReference; fileEncoding = 4; lastKnownFileType = sourcecode.c.objc; name = FMDatabasePool.m; path = fmdb/src/fmdb/FMDatabasePool.m; sourceTree = SOURCE_ROOT; };
		A8D74B6424DABD770007CFDB /* FMResultSet.m */ = {isa = PBXFileReference; fileEncoding = 4; lastKnownFileType = sourcecode.c.objc; name = FMResultSet.m; path = fmdb/src/fmdb/FMResultSet.m; sourceTree = SOURCE_ROOT; };
		A8D74B6524DABD770007CFDB /* FMDatabaseQueue.m */ = {isa = PBXFileReference; fileEncoding = 4; lastKnownFileType = sourcecode.c.objc; name = FMDatabaseQueue.m; path = fmdb/src/fmdb/FMDatabaseQueue.m; sourceTree = SOURCE_ROOT; };
		A8D74B6C24DABDC30007CFDB /* UserDB.swift */ = {isa = PBXFileReference; lastKnownFileType = sourcecode.swift; path = UserDB.swift; sourceTree = "<group>"; };
		A8D74B6F24DABEAB0007CFDB /* User.swift */ = {isa = PBXFileReference; lastKnownFileType = sourcecode.swift; path = User.swift; sourceTree = "<group>"; };
		A8D74B7124DACBAD0007CFDB /* DangNhapViewController.swift */ = {isa = PBXFileReference; lastKnownFileType = sourcecode.swift; path = DangNhapViewController.swift; sourceTree = "<group>"; };
/* End PBXFileReference section */

/* Begin PBXFrameworksBuildPhase section */
		A8D74B3024DABACA0007CFDB /* Frameworks */ = {
			isa = PBXFrameworksBuildPhase;
			buildActionMask = 2147483647;
			files = (
			);
			runOnlyForDeploymentPostprocessing = 0;
		};
		A8D74B4424DABACB0007CFDB /* Frameworks */ = {
			isa = PBXFrameworksBuildPhase;
			buildActionMask = 2147483647;
			files = (
			);
			runOnlyForDeploymentPostprocessing = 0;
		};
/* End PBXFrameworksBuildPhase section */

/* Begin PBXGroup section */
		A8D74B2A24DABACA0007CFDB = {
			isa = PBXGroup;
			children = (
				A8D74B3524DABACA0007CFDB /* IOS */,
				A8D74B4A24DABACB0007CFDB /* IOSTests */,
				A8D74B3424DABACA0007CFDB /* Products */,
			);
			sourceTree = "<group>";
		};
		A8D74B3424DABACA0007CFDB /* Products */ = {
			isa = PBXGroup;
			children = (
				A8D74B3324DABACA0007CFDB /* IOS.app */,
				A8D74B4724DABACB0007CFDB /* IOSTests.xctest */,
			);
			name = Products;
			sourceTree = "<group>";
		};
		A8D74B3524DABACA0007CFDB /* IOS */ = {
			isa = PBXGroup;
			children = (
				A8D74B6E24DABE9B0007CFDB /* Model */,
				A8D74B6B24DABD7E0007CFDB /* DB */,
				A8D74B5924DABD540007CFDB /* FMDB */,
				A8D74B3624DABACA0007CFDB /* AppDelegate.swift */,
				A8D74B3824DABACA0007CFDB /* ViewController.swift */,
				A8D74B3A24DABACA0007CFDB /* Main.storyboard */,
				A8D74B3D24DABACB0007CFDB /* Assets.xcassets */,
				A8D74B3F24DABACB0007CFDB /* LaunchScreen.storyboard */,
				A8D74B4224DABACB0007CFDB /* Info.plist */,
				A8D74B7124DACBAD0007CFDB /* DangNhapViewController.swift */,
				A8B6FC4F24DAFD3600A6EA52 /* Toast.swift */,
			);
			path = IOS;
			sourceTree = "<group>";
		};
		A8D74B4A24DABACB0007CFDB /* IOSTests */ = {
			isa = PBXGroup;
			children = (
				A8D74B4B24DABACB0007CFDB /* IOSTests.swift */,
				A8D74B4D24DABACB0007CFDB /* Info.plist */,
			);
			path = IOSTests;
			sourceTree = "<group>";
		};
		A8D74B5924DABD540007CFDB /* FMDB */ = {
			isa = PBXGroup;
			children = (
				A8D74B5B24DABD770007CFDB /* FMDatabase.h */,
				A8D74B5E24DABD770007CFDB /* FMDatabase.m */,
				A8D74B6024DABD770007CFDB /* FMDatabaseAdditions.h */,
				A8D74B5F24DABD770007CFDB /* FMDatabaseAdditions.m */,
				A8D74B5C24DABD770007CFDB /* FMDatabasePool.h */,
				A8D74B6324DABD770007CFDB /* FMDatabasePool.m */,
				A8D74B5D24DABD770007CFDB /* FMDatabaseQueue.h */,
				A8D74B6524DABD770007CFDB /* FMDatabaseQueue.m */,
				A8D74B6124DABD770007CFDB /* FMDB.h */,
				A8D74B6224DABD770007CFDB /* FMResultSet.h */,
				A8D74B6424DABD770007CFDB /* FMResultSet.m */,
				A8D74B5A24DABD770007CFDB /* IOS-Bridging-Header.h */,
			);
			path = FMDB;
			sourceTree = "<group>";
		};
		A8D74B6B24DABD7E0007CFDB /* DB */ = {
			isa = PBXGroup;
			children = (
				A8D74B6C24DABDC30007CFDB /* UserDB.swift */,
			);
			path = DB;
			sourceTree = "<group>";
		};
		A8D74B6E24DABE9B0007CFDB /* Model */ = {
			isa = PBXGroup;
			children = (
				A8D74B6F24DABEAB0007CFDB /* User.swift */,
			);
			path = Model;
			sourceTree = "<group>";
		};
/* End PBXGroup section */

/* Begin PBXNativeTarget section */
		A8D74B3224DABACA0007CFDB /* IOS */ = {
			isa = PBXNativeTarget;
			buildConfigurationList = A8D74B5024DABACB0007CFDB /* Build configuration list for PBXNativeTarget "IOS" */;
			buildPhases = (
				A8D74B2F24DABACA0007CFDB /* Sources */,
				A8D74B3024DABACA0007CFDB /* Frameworks */,
				A8D74B3124DABACA0007CFDB /* Resources */,
			);
			buildRules = (
			);
			dependencies = (
			);
			name = IOS;
			productName = IOS;
			productReference = A8D74B3324DABACA0007CFDB /* IOS.app */;
			productType = "com.apple.product-type.application";
		};
		A8D74B4624DABACB0007CFDB /* IOSTests */ = {
			isa = PBXNativeTarget;
			buildConfigurationList = A8D74B5324DABACB0007CFDB /* Build configuration list for PBXNativeTarget "IOSTests" */;
			buildPhases = (
				A8D74B4324DABACB0007CFDB /* Sources */,
				A8D74B4424DABACB0007CFDB /* Frameworks */,
				A8D74B4524DABACB0007CFDB /* Resources */,
			);
			buildRules = (
			);
			dependencies = (
				A8D74B4924DABACB0007CFDB /* PBXTargetDependency */,
			);
			name = IOSTests;
			productName = IOSTests;
			productReference = A8D74B4724DABACB0007CFDB /* IOSTests.xctest */;
			productType = "com.apple.product-type.bundle.unit-test";
		};
/* End PBXNativeTarget section */

/* Begin PBXProject section */
		A8D74B2B24DABACA0007CFDB /* Project object */ = {
			isa = PBXProject;
			attributes = {
				LastSwiftUpdateCheck = 1030;
				LastUpgradeCheck = 1030;
				ORGANIZATIONNAME = x_x;
				TargetAttributes = {
					A8D74B3224DABACA0007CFDB = {
						CreatedOnToolsVersion = 10.3;
						LastSwiftMigration = 1030;
					};
					A8D74B4624DABACB0007CFDB = {
						CreatedOnToolsVersion = 10.3;
						TestTargetID = A8D74B3224DABACA0007CFDB;
					};
				};
			};
			buildConfigurationList = A8D74B2E24DABACA0007CFDB /* Build configuration list for PBXProject "IOS" */;
			compatibilityVersion = "Xcode 9.3";
			developmentRegion = en;
			hasScannedForEncodings = 0;
			knownRegions = (
				en,
				Base,
			);
			mainGroup = A8D74B2A24DABACA0007CFDB;
			productRefGroup = A8D74B3424DABACA0007CFDB /* Products */;
			projectDirPath = "";
			projectRoot = "";
			targets = (
				A8D74B3224DABACA0007CFDB /* IOS */,
				A8D74B4624DABACB0007CFDB /* IOSTests */,
			);
		};
/* End PBXProject section */

/* Begin PBXResourcesBuildPhase section */
		A8D74B3124DABACA0007CFDB /* Resources */ = {
			isa = PBXResourcesBuildPhase;
			buildActionMask = 2147483647;
			files = (
				A8D74B4124DABACB0007CFDB /* LaunchScreen.storyboard in Resources */,
				A8D74B3E24DABACB0007CFDB /* Assets.xcassets in Resources */,
				A8D74B3C24DABACA0007CFDB /* Main.storyboard in Resources */,
			);
			runOnlyForDeploymentPostprocessing = 0;
		};
		A8D74B4524DABACB0007CFDB /* Resources */ = {
			isa = PBXResourcesBuildPhase;
			buildActionMask = 2147483647;
			files = (
			);
			runOnlyForDeploymentPostprocessing = 0;
		};
/* End PBXResourcesBuildPhase section */

/* Begin PBXSourcesBuildPhase section */
		A8D74B2F24DABACA0007CFDB /* Sources */ = {
			isa = PBXSourcesBuildPhase;
			buildActionMask = 2147483647;
			files = (
				A8D74B6924DABD780007CFDB /* FMResultSet.m in Sources */,
				A8D74B6624DABD780007CFDB /* FMDatabase.m in Sources */,
				A8D74B3924DABACA0007CFDB /* ViewController.swift in Sources */,
				A8D74B6A24DABD780007CFDB /* FMDatabaseQueue.m in Sources */,
				A8D74B6D24DABDC30007CFDB /* UserDB.swift in Sources */,
				A8D74B7024DABEAB0007CFDB /* User.swift in Sources */,
				A8D74B6824DABD780007CFDB /* FMDatabasePool.m in Sources */,
				A8D74B7224DACBAD0007CFDB /* DangNhapViewController.swift in Sources */,
				A8B6FC5024DAFD3600A6EA52 /* Toast.swift in Sources */,
				A8D74B3724DABACA0007CFDB /* AppDelegate.swift in Sources */,
				A8D74B6724DABD780007CFDB /* FMDatabaseAdditions.m in Sources */,
			);
			runOnlyForDeploymentPostprocessing = 0;
		};
		A8D74B4324DABACB0007CFDB /* Sources */ = {
			isa = PBXSourcesBuildPhase;
			buildActionMask = 2147483647;
			files = (
				A8D74B4C24DABACB0007CFDB /* IOSTests.swift in Sources */,
			);
			runOnlyForDeploymentPostprocessing = 0;
		};
/* End PBXSourcesBuildPhase section */

/* Begin PBXTargetDependency section */
		A8D74B4924DABACB0007CFDB /* PBXTargetDependency */ = {
			isa = PBXTargetDependency;
			target = A8D74B3224DABACA0007CFDB /* IOS */;
			targetProxy = A8D74B4824DABACB0007CFDB /* PBXContainerItemProxy */;
		};
/* End PBXTargetDependency section */

/* Begin PBXVariantGroup section */
		A8D74B3A24DABACA0007CFDB /* Main.storyboard */ = {
			isa = PBXVariantGroup;
			children = (
				A8D74B3B24DABACA0007CFDB /* Base */,
			);
			name = Main.storyboard;
			sourceTree = "<group>";
		};
		A8D74B3F24DABACB0007CFDB /* LaunchScreen.storyboard */ = {
			isa = PBXVariantGroup;
			children = (
				A8D74B4024DABACB0007CFDB /* Base */,
			);
			name = LaunchScreen.storyboard;
			sourceTree = "<group>";
		};
/* End PBXVariantGroup section */

/* Begin XCBuildConfiguration section */
		A8D74B4E24DABACB0007CFDB /* Debug */ = {
			isa = XCBuildConfiguration;
			buildSettings = {
				ALWAYS_SEARCH_USER_PATHS = NO;
				CLANG_ANALYZER_NONNULL = YES;
				CLANG_ANALYZER_NUMBER_OBJECT_CONVERSION = YES_AGGRESSIVE;
				CLANG_CXX_LANGUAGE_STANDARD = "gnu++14";
				CLANG_CXX_LIBRARY = "libc++";
				CLANG_ENABLE_MODULES = YES;
				CLANG_ENABLE_OBJC_ARC = YES;
				CLANG_ENABLE_OBJC_WEAK = YES;
				CLANG_WARN_BLOCK_CAPTURE_AUTORELEASING = YES;
				CLANG_WARN_BOOL_CONVERSION = YES;
				CLANG_WARN_COMMA = YES;
				CLANG_WARN_CONSTANT_CONVERSION = YES;
				CLANG_WARN_DEPRECATED_OBJC_IMPLEMENTATIONS = YES;
				CLANG_WARN_DIRECT_OBJC_ISA_USAGE = YES_ERROR;
				CLANG_WARN_DOCUMENTATION_COMMENTS = YES;
				CLANG_WARN_EMPTY_BODY = YES;
				CLANG_WARN_ENUM_CONVERSION = YES;
				CLANG_WARN_INFINITE_RECURSION = YES;
				CLANG_WARN_INT_CONVERSION = YES;
				CLANG_WARN_NON_LITERAL_NULL_CONVERSION = YES;
				CLANG_WARN_OBJC_IMPLICIT_RETAIN_SELF = YES;
				CLANG_WARN_OBJC_LITERAL_CONVERSION = YES;
				CLANG_WARN_OBJC_ROOT_CLASS = YES_ERROR;
				CLANG_WARN_RANGE_LOOP_ANALYSIS = YES;
				CLANG_WARN_STRICT_PROTOTYPES = YES;
				CLANG_WARN_SUSPICIOUS_MOVE = YES;
				CLANG_WARN_UNGUARDED_AVAILABILITY = YES_AGGRESSIVE;
				CLANG_WARN_UNREACHABLE_CODE = YES;
				CLANG_WARN__DUPLICATE_METHOD_MATCH = YES;
				CODE_SIGN_IDENTITY = "iPhone Developer";
				COPY_PHASE_STRIP = NO;
				DEBUG_INFORMATION_FORMAT = dwarf;
				ENABLE_STRICT_OBJC_MSGSEND = YES;
				ENABLE_TESTABILITY = YES;
				GCC_C_LANGUAGE_STANDARD = gnu11;
				GCC_DYNAMIC_NO_PIC = NO;
				GCC_NO_COMMON_BLOCKS = YES;
				GCC_OPTIMIZATION_LEVEL = 0;
				GCC_PREPROCESSOR_DEFINITIONS = (
					"DEBUG=1",
					"$(inherited)",
				);
				GCC_WARN_64_TO_32_BIT_CONVERSION = YES;
				GCC_WARN_ABOUT_RETURN_TYPE = YES_ERROR;
				GCC_WARN_UNDECLARED_SELECTOR = YES;
				GCC_WARN_UNINITIALIZED_AUTOS = YES_AGGRESSIVE;
				GCC_WARN_UNUSED_FUNCTION = YES;
				GCC_WARN_UNUSED_VARIABLE = YES;
				IPHONEOS_DEPLOYMENT_TARGET = 12.4;
				MTL_ENABLE_DEBUG_INFO = INCLUDE_SOURCE;
				MTL_FAST_MATH = YES;
				ONLY_ACTIVE_ARCH = YES;
				SDKROOT = iphoneos;
				SWIFT_ACTIVE_COMPILATION_CONDITIONS = DEBUG;
				SWIFT_OPTIMIZATION_LEVEL = "-Onone";
			};
			name = Debug;
		};
		A8D74B4F24DABACB0007CFDB /* Release */ = {
			isa = XCBuildConfiguration;
			buildSettings = {
				ALWAYS_SEARCH_USER_PATHS = NO;
				CLANG_ANALYZER_NONNULL = YES;
				CLANG_ANALYZER_NUMBER_OBJECT_CONVERSION = YES_AGGRESSIVE;
				CLANG_CXX_LANGUAGE_STANDARD = "gnu++14";
				CLANG_CXX_LIBRARY = "libc++";
				CLANG_ENABLE_MODULES = YES;
				CLANG_ENABLE_OBJC_ARC = YES;
				CLANG_ENABLE_OBJC_WEAK = YES;
				CLANG_WARN_BLOCK_CAPTURE_AUTORELEASING = YES;
				CLANG_WARN_BOOL_CONVERSION = YES;
				CLANG_WARN_COMMA = YES;
				CLANG_WARN_CONSTANT_CONVERSION = YES;
				CLANG_WARN_DEPRECATED_OBJC_IMPLEMENTATIONS = YES;
				CLANG_WARN_DIRECT_OBJC_ISA_USAGE = YES_ERROR;
				CLANG_WARN_DOCUMENTATION_COMMENTS = YES;
				CLANG_WARN_EMPTY_BODY = YES;
				CLANG_WARN_ENUM_CONVERSION = YES;
				CLANG_WARN_INFINITE_RECURSION = YES;
				CLANG_WARN_INT_CONVERSION = YES;
				CLANG_WARN_NON_LITERAL_NULL_CONVERSION = YES;
				CLANG_WARN_OBJC_IMPLICIT_RETAIN_SELF = YES;
				CLANG_WARN_OBJC_LITERAL_CONVERSION = YES;
				CLANG_WARN_OBJC_ROOT_CLASS = YES_ERROR;
				CLANG_WARN_RANGE_LOOP_ANALYSIS = YES;
				CLANG_WARN_STRICT_PROTOTYPES = YES;
				CLANG_WARN_SUSPICIOUS_MOVE = YES;
				CLANG_WARN_UNGUARDED_AVAILABILITY = YES_AGGRESSIVE;
				CLANG_WARN_UNREACHABLE_CODE = YES;
				CLANG_WARN__DUPLICATE_METHOD_MATCH = YES;
				CODE_SIGN_IDENTITY = "iPhone Developer";
				COPY_PHASE_STRIP = NO;
				DEBUG_INFORMATION_FORMAT = "dwarf-with-dsym";
				ENABLE_NS_ASSERTIONS = NO;
				ENABLE_STRICT_OBJC_MSGSEND = YES;
				GCC_C_LANGUAGE_STANDARD = gnu11;
				GCC_NO_COMMON_BLOCKS = YES;
				GCC_WARN_64_TO_32_BIT_CONVERSION = YES;
				GCC_WARN_ABOUT_RETURN_TYPE = YES_ERROR;
				GCC_WARN_UNDECLARED_SELECTOR = YES;
				GCC_WARN_UNINITIALIZED_AUTOS = YES_AGGRESSIVE;
				GCC_WARN_UNUSED_FUNCTION = YES;
				GCC_WARN_UNUSED_VARIABLE = YES;
				IPHONEOS_DEPLOYMENT_TARGET = 12.4;
				MTL_ENABLE_DEBUG_INFO = NO;
				MTL_FAST_MATH = YES;
				SDKROOT = iphoneos;
				SWIFT_COMPILATION_MODE = wholemodule;
				SWIFT_OPTIMIZATION_LEVEL = "-O";
				VALIDATE_PRODUCT = YES;
			};
			name = Release;
		};
		A8D74B5124DABACB0007CFDB /* Debug */ = {
			isa = XCBuildConfiguration;
			buildSettings = {
				ASSETCATALOG_COMPILER_APPICON_NAME = AppIcon;
				CLANG_ENABLE_MODULES = YES;
				CODE_SIGN_STYLE = Automatic;
				INFOPLIST_FILE = IOS/Info.plist;
				LD_RUNPATH_SEARCH_PATHS = (
					"$(inherited)",
					"@executable_path/Frameworks",
				);
				PRODUCT_BUNDLE_IDENTIFIER = tdc.edu.vn.IOS;
				PRODUCT_NAME = "$(TARGET_NAME)";
				SWIFT_OBJC_BRIDGING_HEADER = "IOS/FMDB/IOS-Bridging-Header.h";
				SWIFT_OPTIMIZATION_LEVEL = "-Onone";
				SWIFT_VERSION = 5.0;
				TARGETED_DEVICE_FAMILY = "1,2";
			};
			name = Debug;
		};
		A8D74B5224DABACB0007CFDB /* Release */ = {
			isa = XCBuildConfiguration;
			buildSettings = {
				ASSETCATALOG_COMPILER_APPICON_NAME = AppIcon;
				CLANG_ENABLE_MODULES = YES;
				CODE_SIGN_STYLE = Automatic;
				INFOPLIST_FILE = IOS/Info.plist;
				LD_RUNPATH_SEARCH_PATHS = (
					"$(inherited)",
					"@executable_path/Frameworks",
				);
				PRODUCT_BUNDLE_IDENTIFIER = tdc.edu.vn.IOS;
				PRODUCT_NAME = "$(TARGET_NAME)";
				SWIFT_OBJC_BRIDGING_HEADER = "IOS/FMDB/IOS-Bridging-Header.h";
				SWIFT_VERSION = 5.0;
				TARGETED_DEVICE_FAMILY = "1,2";
			};
			name = Release;
		};
		A8D74B5424DABACB0007CFDB /* Debug */ = {
			isa = XCBuildConfiguration;
			buildSettings = {
				ALWAYS_EMBED_SWIFT_STANDARD_LIBRARIES = YES;
				BUNDLE_LOADER = "$(TEST_HOST)";
				CODE_SIGN_STYLE = Automatic;
				INFOPLIST_FILE = IOSTests/Info.plist;
				LD_RUNPATH_SEARCH_PATHS = (
					"$(inherited)",
					"@executable_path/Frameworks",
					"@loader_path/Frameworks",
				);
				PRODUCT_BUNDLE_IDENTIFIER = tdc.edu.vn.IOSTests;
				PRODUCT_NAME = "$(TARGET_NAME)";
				SWIFT_VERSION = 5.0;
				TARGETED_DEVICE_FAMILY = "1,2";
				TEST_HOST = "$(BUILT_PRODUCTS_DIR)/IOS.app/IOS";
			};
			name = Debug;
		};
		A8D74B5524DABACB0007CFDB /* Release */ = {
			isa = XCBuildConfiguration;
			buildSettings = {
				ALWAYS_EMBED_SWIFT_STANDARD_LIBRARIES = YES;
				BUNDLE_LOADER = "$(TEST_HOST)";
				CODE_SIGN_STYLE = Automatic;
				INFOPLIST_FILE = IOSTests/Info.plist;
				LD_RUNPATH_SEARCH_PATHS = (
					"$(inherited)",
					"@executable_path/Frameworks",
					"@loader_path/Frameworks",
				);
				PRODUCT_BUNDLE_IDENTIFIER = tdc.edu.vn.IOSTests;
				PRODUCT_NAME = "$(TARGET_NAME)";
				SWIFT_VERSION = 5.0;
				TARGETED_DEVICE_FAMILY = "1,2";
				TEST_HOST = "$(BUILT_PRODUCTS_DIR)/IOS.app/IOS";
			};
			name = Release;
		};
/* End XCBuildConfiguration section */

/* Begin XCConfigurationList section */
		A8D74B2E24DABACA0007CFDB /* Build configuration list for PBXProject "IOS" */ = {
			isa = XCConfigurationList;
			buildConfigurations = (
				A8D74B4E24DABACB0007CFDB /* Debug */,
				A8D74B4F24DABACB0007CFDB /* Release */,
			);
			defaultConfigurationIsVisible = 0;
			defaultConfigurationName = Release;
		};
		A8D74B5024DABACB0007CFDB /* Build configuration list for PBXNativeTarget "IOS" */ = {
			isa = XCConfigurationList;
			buildConfigurations = (
				A8D74B5124DABACB0007CFDB /* Debug */,
				A8D74B5224DABACB0007CFDB /* Release */,
			);
			defaultConfigurationIsVisible = 0;
			defaultConfigurationName = Release;
		};
		A8D74B5324DABACB0007CFDB /* Build configuration list for PBXNativeTarget "IOSTests" */ = {
			isa = XCConfigurationList;
			buildConfigurations = (
				A8D74B5424DABACB0007CFDB /* Debug */,
				A8D74B5524DABACB0007CFDB /* Release */,
			);
			defaultConfigurationIsVisible = 0;
			defaultConfigurationName = Release;
		};
/* End XCConfigurationList section */
	};
	rootObject = A8D74B2B24DABACA0007CFDB /* Project object */;
}
